
Microsoft Visual Studio Solution File, Format Version 12.00
# Visual Studio Version 16
VisualStudioVersion = 16.0.30011.22
MinimumVisualStudioVersion = 10.0.40219.1
Project("{8BC9CEB8-8B4A-11D0-8D11-00A0C91BC942}") = "Euler_Cauchy_Derivative", "Euler_Cauchy_Derivative\Euler_Cauchy_Derivative.vcxproj", "{7087D512-2586-49FE-937E-C623C8AA90F5}"
EndProject
Global
	GlobalSection(SolutionConfigurationPlatforms) = preSolution
		Debug|x64 = Debug|x64
		Debug|x86 = Debug|x86
		Release|x64 = Release|x64
		Release|x86 = Release|x86
	EndGlobalSection
	GlobalSection(ProjectConfigurationPlatforms) = postSolution
		{7087D512-2586-49FE-937E-C623C8AA90F5}.Debug|x64.ActiveCfg = Debug|x64
		{7087D512-2586-49FE-937E-C623C8AA90F5}.Debug|x64.Build.0 = Debug|x64
		{7087D512-2586-49FE-937E-C623C8AA90F5}.Debug|x86.ActiveCfg = Debug|Win32
		{7087D512-2586-49FE-937E-C623C8AA90F5}.Debug|x86.Build.0 = Debug|Win32
		{7087D512-2586-49FE-937E-C623C8AA90F5}.Release|x64.ActiveCfg = Release|x64
		{7087D512-2586-49FE-937E-C623C8AA90F5}.Release|x64.Build.0 = Release|x64
		{7087D512-2586-49FE-937E-C623C8AA90F5}.Release|x86.ActiveCfg = Release|Win32
		{7087D512-2586-49FE-937E-C623C8AA90F5}.Release|x86.Build.0 = Release|Win32
	EndGlobalSection
	GlobalSection(SolutionProperties) = preSolution
		HideSolutionNode = FALSE
	EndGlobalSection
	GlobalSection(ExtensibilityGlobals) = postSolution
		SolutionGuid = {06144D63-C4D8-46DD-8373-E18745DEA0C6}
	EndGlobalSection
EndGlobal
