
Microsoft Visual Studio Solution File, Format Version 12.00
# Visual Studio Version 16
VisualStudioVersion = 16.0.29728.190
MinimumVisualStudioVersion = 10.0.40219.1
Project("{8BC9CEB8-8B4A-11D0-8D11-00A0C91BC942}") = "NumericalMethods_EquationsLUFactorizationMethod", "NumericalMethods_EquationsLUFactorizationMethod\NumericalMethods_EquationsLUFactorizationMethod.vcxproj", "{FE293FD5-8351-4B0B-B912-1A8993C5A562}"
EndProject
Global
	GlobalSection(SolutionConfigurationPlatforms) = preSolution
		Debug|x64 = Debug|x64
		Debug|x86 = Debug|x86
		Release|x64 = Release|x64
		Release|x86 = Release|x86
	EndGlobalSection
	GlobalSection(ProjectConfigurationPlatforms) = postSolution
		{FE293FD5-8351-4B0B-B912-1A8993C5A562}.Debug|x64.ActiveCfg = Debug|x64
		{FE293FD5-8351-4B0B-B912-1A8993C5A562}.Debug|x64.Build.0 = Debug|x64
		{FE293FD5-8351-4B0B-B912-1A8993C5A562}.Debug|x86.ActiveCfg = Debug|Win32
		{FE293FD5-8351-4B0B-B912-1A8993C5A562}.Debug|x86.Build.0 = Debug|Win32
		{FE293FD5-8351-4B0B-B912-1A8993C5A562}.Release|x64.ActiveCfg = Release|x64
		{FE293FD5-8351-4B0B-B912-1A8993C5A562}.Release|x64.Build.0 = Release|x64
		{FE293FD5-8351-4B0B-B912-1A8993C5A562}.Release|x86.ActiveCfg = Release|Win32
		{FE293FD5-8351-4B0B-B912-1A8993C5A562}.Release|x86.Build.0 = Release|Win32
	EndGlobalSection
	GlobalSection(SolutionProperties) = preSolution
		HideSolutionNode = FALSE
	EndGlobalSection
	GlobalSection(ExtensibilityGlobals) = postSolution
		SolutionGuid = {1609F96F-1656-4E43-88D7-55B582D2EDF3}
	EndGlobalSection
EndGlobal
